
Microsoft Visual Studio Solution File, Format Version 12.00
# Visual Studio Version 17
VisualStudioVersion = 17.0.31903.59
MinimumVisualStudioVersion = 10.0.40219.1
Project("{2150E333-8FDC-42A3-9474-1A3956D46DE8}") = "SDF.CSharp", "SDF.CSharp", "{D2A519E0-068E-B81F-7B1E-E157012F6056}"
EndProject
Project("{FAE04EC0-301F-11D3-BF4B-00C04F79EFBC}") = "SDF", "SDF.CSharp\SDF.csproj", "{1D70648D-7F15-43DF-AA81-437F2676EBF2}"
EndProject
Project("{FAE04EC0-301F-11D3-BF4B-00C04F79EFBC}") = "SDF.Examples", "SDF.Examples\SDF.Examples.csproj", "{293EE95B-381F-4601-ACBB-D29BEB048367}"
Project("{FAE04EC0-301F-11D3-BF4B-00C04F79EFBC}") = "SDF", "SDF.CSharp\SDF.csproj", "{F004660D-A4CD-4BE4-AF4A-50577F2F73D9}"
EndProject
Project("{FAE04EC0-301F-11D3-BF4B-00C04F79EFBC}") = "SDF.Examples", "SDF.Examples\SDF.Examples.csproj", "{26AD4175-380F-4F05-8E6A-A5366433F081}"
EndProject
Global
	GlobalSection(SolutionConfigurationPlatforms) = preSolution
		Debug|Any CPU = Debug|Any CPU
		Debug|x64 = Debug|x64
		Debug|x86 = Debug|x86
		Release|Any CPU = Release|Any CPU
		Release|x64 = Release|x64
		Release|x86 = Release|x86
	EndGlobalSection
	GlobalSection(ProjectConfigurationPlatforms) = postSolution
		{1D70648D-7F15-43DF-AA81-437F2676EBF2}.Debug|Any CPU.ActiveCfg = Debug|Any CPU
		{1D70648D-7F15-43DF-AA81-437F2676EBF2}.Debug|Any CPU.Build.0 = Debug|Any CPU
		{1D70648D-7F15-43DF-AA81-437F2676EBF2}.Debug|x64.ActiveCfg = Debug|Any CPU
		{1D70648D-7F15-43DF-AA81-437F2676EBF2}.Debug|x64.Build.0 = Debug|Any CPU
		{1D70648D-7F15-43DF-AA81-437F2676EBF2}.Debug|x86.ActiveCfg = Debug|Any CPU
		{1D70648D-7F15-43DF-AA81-437F2676EBF2}.Debug|x86.Build.0 = Debug|Any CPU
		{1D70648D-7F15-43DF-AA81-437F2676EBF2}.Release|Any CPU.ActiveCfg = Release|Any CPU
		{1D70648D-7F15-43DF-AA81-437F2676EBF2}.Release|Any CPU.Build.0 = Release|Any CPU
		{1D70648D-7F15-43DF-AA81-437F2676EBF2}.Release|x64.ActiveCfg = Release|Any CPU
		{1D70648D-7F15-43DF-AA81-437F2676EBF2}.Release|x64.Build.0 = Release|Any CPU
		{1D70648D-7F15-43DF-AA81-437F2676EBF2}.Release|x86.ActiveCfg = Release|Any CPU
		{1D70648D-7F15-43DF-AA81-437F2676EBF2}.Release|x86.Build.0 = Release|Any CPU
		{293EE95B-381F-4601-ACBB-D29BEB048367}.Debug|Any CPU.ActiveCfg = Debug|Any CPU
		{293EE95B-381F-4601-ACBB-D29BEB048367}.Debug|Any CPU.Build.0 = Debug|Any CPU
		{293EE95B-381F-4601-ACBB-D29BEB048367}.Debug|x64.ActiveCfg = Debug|Any CPU
		{293EE95B-381F-4601-ACBB-D29BEB048367}.Debug|x64.Build.0 = Debug|Any CPU
		{293EE95B-381F-4601-ACBB-D29BEB048367}.Debug|x86.ActiveCfg = Debug|Any CPU
		{293EE95B-381F-4601-ACBB-D29BEB048367}.Debug|x86.Build.0 = Debug|Any CPU
		{293EE95B-381F-4601-ACBB-D29BEB048367}.Release|Any CPU.ActiveCfg = Release|Any CPU
		{293EE95B-381F-4601-ACBB-D29BEB048367}.Release|Any CPU.Build.0 = Release|Any CPU
		{293EE95B-381F-4601-ACBB-D29BEB048367}.Release|x64.ActiveCfg = Release|Any CPU
		{293EE95B-381F-4601-ACBB-D29BEB048367}.Release|x64.Build.0 = Release|Any CPU
		{293EE95B-381F-4601-ACBB-D29BEB048367}.Release|x86.ActiveCfg = Release|Any CPU
		{293EE95B-381F-4601-ACBB-D29BEB048367}.Release|x86.Build.0 = Release|Any CPU
		{F004660D-A4CD-4BE4-AF4A-50577F2F73D9}.Debug|Any CPU.ActiveCfg = Debug|Any CPU
		{F004660D-A4CD-4BE4-AF4A-50577F2F73D9}.Debug|Any CPU.Build.0 = Debug|Any CPU
		{F004660D-A4CD-4BE4-AF4A-50577F2F73D9}.Debug|x64.ActiveCfg = Debug|Any CPU
		{F004660D-A4CD-4BE4-AF4A-50577F2F73D9}.Debug|x64.Build.0 = Debug|Any CPU
		{F004660D-A4CD-4BE4-AF4A-50577F2F73D9}.Debug|x86.ActiveCfg = Debug|Any CPU
		{F004660D-A4CD-4BE4-AF4A-50577F2F73D9}.Debug|x86.Build.0 = Debug|Any CPU
		{F004660D-A4CD-4BE4-AF4A-50577F2F73D9}.Release|Any CPU.ActiveCfg = Release|Any CPU
		{F004660D-A4CD-4BE4-AF4A-50577F2F73D9}.Release|Any CPU.Build.0 = Release|Any CPU
		{F004660D-A4CD-4BE4-AF4A-50577F2F73D9}.Release|x64.ActiveCfg = Release|Any CPU
		{F004660D-A4CD-4BE4-AF4A-50577F2F73D9}.Release|x64.Build.0 = Release|Any CPU
		{F004660D-A4CD-4BE4-AF4A-50577F2F73D9}.Release|x86.ActiveCfg = Release|Any CPU
		{F004660D-A4CD-4BE4-AF4A-50577F2F73D9}.Release|x86.Build.0 = Release|Any CPU
		{26AD4175-380F-4F05-8E6A-A5366433F081}.Debug|Any CPU.ActiveCfg = Debug|Any CPU
		{26AD4175-380F-4F05-8E6A-A5366433F081}.Debug|Any CPU.Build.0 = Debug|Any CPU
		{26AD4175-380F-4F05-8E6A-A5366433F081}.Debug|x64.ActiveCfg = Debug|Any CPU
		{26AD4175-380F-4F05-8E6A-A5366433F081}.Debug|x64.Build.0 = Debug|Any CPU
		{26AD4175-380F-4F05-8E6A-A5366433F081}.Debug|x86.ActiveCfg = Debug|Any CPU
		{26AD4175-380F-4F05-8E6A-A5366433F081}.Debug|x86.Build.0 = Debug|Any CPU
		{26AD4175-380F-4F05-8E6A-A5366433F081}.Release|Any CPU.ActiveCfg = Release|Any CPU
		{26AD4175-380F-4F05-8E6A-A5366433F081}.Release|Any CPU.Build.0 = Release|Any CPU
		{26AD4175-380F-4F05-8E6A-A5366433F081}.Release|x64.ActiveCfg = Release|Any CPU
		{26AD4175-380F-4F05-8E6A-A5366433F081}.Release|x64.Build.0 = Release|Any CPU
		{26AD4175-380F-4F05-8E6A-A5366433F081}.Release|x86.ActiveCfg = Release|Any CPU
		{26AD4175-380F-4F05-8E6A-A5366433F081}.Release|x86.Build.0 = Release|Any CPU
	EndGlobalSection
	GlobalSection(SolutionProperties) = preSolution
		HideSolutionNode = FALSE
	EndGlobalSection
	GlobalSection(NestedProjects) = preSolution
		{1D70648D-7F15-43DF-AA81-437F2676EBF2} = {D2A519E0-068E-B81F-7B1E-E157012F6056}
		{F004660D-A4CD-4BE4-AF4A-50577F2F73D9} = {D2A519E0-068E-B81F-7B1E-E157012F6056}
	EndGlobalSection
EndGlobal
